// !$*UTF8*$!
{
	archiveVersion = 1;
	classes = {
	};
	objectVersion = 50;
	objects = {

/* Begin PBXBuildFile section */
		090505FA2591FDB000DA6F8E /* IntermediateSwiftApp.swift in Sources */ = {isa = PBXBuildFile; fileRef = 090505F92591FDB000DA6F8E /* IntermediateSwiftApp.swift */; };
		090505FC2591FDB000DA6F8E /* ContentView.swift in Sources */ = {isa = PBXBuildFile; fileRef = 090505FB2591FDB000DA6F8E /* ContentView.swift */; };
		090505FE2591FDB500DA6F8E /* Assets.xcassets in Resources */ = {isa = PBXBuildFile; fileRef = 090505FD2591FDB500DA6F8E /* Assets.xcassets */; };
		090506012591FDB500DA6F8E /* Preview Assets.xcassets in Resources */ = {isa = PBXBuildFile; fileRef = 090506002591FDB500DA6F8E /* Preview Assets.xcassets */; };
/* End PBXBuildFile section */

/* Begin PBXFileReference section */
		0901A30925922B7000114E2A /* 2_ComputedProperties.playground */ = {isa = PBXFileReference; lastKnownFileType = file.playground; path = 2_ComputedProperties.playground; sourceTree = "<group>"; xcLanguageSpecificationIdentifier = xcode.lang.swift; };
		0901A30B25933DB900114E2A /* 3_ReadingModes.playground */ = {isa = PBXFileReference; lastKnownFileType = file.playground; path = 3_ReadingModes.playground; sourceTree = "<group>"; xcLanguageSpecificationIdentifier = xcode.lang.swift; };
		0901A30D2593CEB100114E2A /* 4_LazyStoredProperties.playground */ = {isa = PBXFileReference; lastKnownFileType = file.playground; path = 4_LazyStoredProperties.playground; sourceTree = "<group>"; xcLanguageSpecificationIdentifier = xcode.lang.swift; };
		0901A30F2594867800114E2A /* 5_PropertyObservers.playground */ = {isa = PBXFileReference; lastKnownFileType = file.playground; path = 5_PropertyObservers.playground; sourceTree = "<group>"; xcLanguageSpecificationIdentifier = xcode.lang.swift; };
		0901A3122594A5D400114E2A /* 1_InitialisationRecap.playground */ = {isa = PBXFileReference; lastKnownFileType = file.playground; path = 1_InitialisationRecap.playground; sourceTree = "<group>"; xcLanguageSpecificationIdentifier = xcode.lang.swift; };
		0901A85F264AF24E0023D9E5 /* 2_TheDecodableProtocol_Part2.playground */ = {isa = PBXFileReference; lastKnownFileType = file.playground; path = 2_TheDecodableProtocol_Part2.playground; sourceTree = "<group>"; xcLanguageSpecificationIdentifier = xcode.lang.swift; };
		0901A861264B97EB0023D9E5 /* 3_TheEncodableProtocol.playground */ = {isa = PBXFileReference; lastKnownFileType = file.playground; path = 3_TheEncodableProtocol.playground; sourceTree = "<group>"; xcLanguageSpecificationIdentifier = xcode.lang.swift; };
		0901A863264B9DF70023D9E5 /* 4_ImplementingEncodable.playground */ = {isa = PBXFileReference; lastKnownFileType = file.playground; path = 4_ImplementingEncodable.playground; sourceTree = "<group>"; xcLanguageSpecificationIdentifier = xcode.lang.swift; };
		0901A865264BABA80023D9E5 /* 5_TheCodingKeyProtocol_Part1.playground */ = {isa = PBXFileReference; lastKnownFileType = file.playground; path = 5_TheCodingKeyProtocol_Part1.playground; sourceTree = "<group>"; xcLanguageSpecificationIdentifier = xcode.lang.swift; };
		0901A868264C5E3C0023D9E5 /* 5_TheCodingKeyProtocol_Part2.playground */ = {isa = PBXFileReference; lastKnownFileType = file.playground; path = 5_TheCodingKeyProtocol_Part2.playground; sourceTree = "<group>"; xcLanguageSpecificationIdentifier = xcode.lang.swift; };
		090348BC26513E8E000BC6DC /* 3_ListOfObjects.playground */ = {isa = PBXFileReference; lastKnownFileType = file.playground; path = 3_ListOfObjects.playground; sourceTree = "<group>"; xcLanguageSpecificationIdentifier = xcode.lang.swift; };
		090505F62591FDB000DA6F8E /* IntermediateSwift.app */ = {isa = PBXFileReference; explicitFileType = wrapper.application; includeInIndex = 0; path = IntermediateSwift.app; sourceTree = BUILT_PRODUCTS_DIR; };
		090505F92591FDB000DA6F8E /* IntermediateSwiftApp.swift */ = {isa = PBXFileReference; lastKnownFileType = sourcecode.swift; path = IntermediateSwiftApp.swift; sourceTree = "<group>"; };
		090505FB2591FDB000DA6F8E /* ContentView.swift */ = {isa = PBXFileReference; lastKnownFileType = sourcecode.swift; path = ContentView.swift; sourceTree = "<group>"; };
		090505FD2591FDB500DA6F8E /* Assets.xcassets */ = {isa = PBXFileReference; lastKnownFileType = folder.assetcatalog; path = Assets.xcassets; sourceTree = "<group>"; };
		090506002591FDB500DA6F8E /* Preview Assets.xcassets */ = {isa = PBXFileReference; lastKnownFileType = folder.assetcatalog; path = "Preview Assets.xcassets"; sourceTree = "<group>"; };
		090506022591FDB500DA6F8E /* Info.plist */ = {isa = PBXFileReference; lastKnownFileType = text.plist.xml; path = Info.plist; sourceTree = "<group>"; };
		0905060A2591FF0E00DA6F8E /* 1_TypeProperties.playground */ = {isa = PBXFileReference; lastKnownFileType = file.playground; path = 1_TypeProperties.playground; sourceTree = "<group>"; xcLanguageSpecificationIdentifier = xcode.lang.swift; };
		09093C1D259F042D0043EFD6 /* 1_WritingRepetitiveCode.playground */ = {isa = PBXFileReference; lastKnownFileType = file.playground; path = 1_WritingRepetitiveCode.playground; sourceTree = "<group>"; xcLanguageSpecificationIdentifier = xcode.lang.swift; };
		09093C1F259F27000043EFD6 /* 2_WritingGenericFunctions.playground */ = {isa = PBXFileReference; lastKnownFileType = file.playground; path = 2_WritingGenericFunctions.playground; sourceTree = "<group>"; xcLanguageSpecificationIdentifier = xcode.lang.swift; };
		09093C2125A069290043EFD6 /* 3_MultipleTypeParameters.playground */ = {isa = PBXFileReference; lastKnownFileType = file.playground; path = 3_MultipleTypeParameters.playground; sourceTree = "<group>"; xcLanguageSpecificationIdentifier = xcode.lang.swift; };
		09093C2625A1BAB10043EFD6 /* 4_ProtocolBasedTypeConstraints.playground */ = {isa = PBXFileReference; lastKnownFileType = file.playground; path = 4_ProtocolBasedTypeConstraints.playground; sourceTree = "<group>"; xcLanguageSpecificationIdentifier = xcode.lang.swift; };
		09093C2925A1D7FD0043EFD6 /* 5_ClassBasedTypeConstraints.playground */ = {isa = PBXFileReference; lastKnownFileType = file.playground; path = 5_ClassBasedTypeConstraints.playground; sourceTree = "<group>"; xcLanguageSpecificationIdentifier = xcode.lang.swift; };
		09093C2C25A307EB0043EFD6 /* 1_GenericTypesInTheStandardLibrary.playground */ = {isa = PBXFileReference; lastKnownFileType = file.playground; path = 1_GenericTypesInTheStandardLibrary.playground; sourceTree = "<group>"; xcLanguageSpecificationIdentifier = xcode.lang.swift; };
		090DB33F25DEADD600E9FC1C /* 1_AQuickRecap.playground */ = {isa = PBXFileReference; lastKnownFileType = file.playground; path = 1_AQuickRecap.playground; sourceTree = "<group>"; xcLanguageSpecificationIdentifier = xcode.lang.swift; };
		090F11A125D8FB150087D565 /* 1_ExtendingANativeType.playground */ = {isa = PBXFileReference; lastKnownFileType = file.playground; path = 1_ExtendingANativeType.playground; sourceTree = "<group>"; xcLanguageSpecificationIdentifier = xcode.lang.swift; };
		090F11A325D8FF3E0087D565 /* 2_ProtocolConformanceUsingExtensions.playground */ = {isa = PBXFileReference; lastKnownFileType = file.playground; path = 2_ProtocolConformanceUsingExtensions.playground; sourceTree = "<group>"; xcLanguageSpecificationIdentifier = xcode.lang.swift; };
		090F11A525D903670087D565 /* 3_ProtocolExtensions.playground */ = {isa = PBXFileReference; lastKnownFileType = file.playground; path = 3_ProtocolExtensions.playground; sourceTree = "<group>"; xcLanguageSpecificationIdentifier = xcode.lang.swift; };
		090F11A725D90AF30087D565 /* 4_MethodDispatchInAProtocolExtension_Part1.playground */ = {isa = PBXFileReference; lastKnownFileType = file.playground; path = 4_MethodDispatchInAProtocolExtension_Part1.playground; sourceTree = "<group>"; xcLanguageSpecificationIdentifier = xcode.lang.swift; };
		090F11A925D936B90087D565 /* 4_MethodDispatchInProtocolExtension_Part2.playground */ = {isa = PBXFileReference; lastKnownFileType = file.playground; path = 4_MethodDispatchInProtocolExtension_Part2.playground; sourceTree = "<group>"; xcLanguageSpecificationIdentifier = xcode.lang.swift; };
		092514872594A92500345B77 /* 2_FailableAndThrowingInitialisers.playground */ = {isa = PBXFileReference; lastKnownFileType = file.playground; path = 2_FailableAndThrowingInitialisers.playground; sourceTree = "<group>"; xcLanguageSpecificationIdentifier = xcode.lang.swift; };
		092514892595D0AA00345B77 /* 3_InitializerDelegation.playground */ = {isa = PBXFileReference; lastKnownFileType = file.playground; path = 3_InitializerDelegation.playground; sourceTree = "<group>"; xcLanguageSpecificationIdentifier = xcode.lang.swift; };
		0925148B2597275700345B77 /* 4_DesignatedAndConvenienceInitializers.playground */ = {isa = PBXFileReference; lastKnownFileType = file.playground; path = 4_DesignatedAndConvenienceInitializers.playground; sourceTree = "<group>"; xcLanguageSpecificationIdentifier = xcode.lang.swift; };
		0925148D2598824300345B77 /* 5_InitialisingSuperclasses_Part1.playground */ = {isa = PBXFileReference; lastKnownFileType = file.playground; path = 5_InitialisingSuperclasses_Part1.playground; sourceTree = "<group>"; xcLanguageSpecificationIdentifier = xcode.lang.swift; };
		0925148F259A2B1800345B77 /* 6_RequiredInitialisers.playground */ = {isa = PBXFileReference; lastKnownFileType = file.playground; path = 6_RequiredInitialisers.playground; sourceTree = "<group>"; xcLanguageSpecificationIdentifier = xcode.lang.swift; };
		09251492259B280600345B77 /* 1_ValueSemantics.playground */ = {isa = PBXFileReference; lastKnownFileType = file.playground; path = 1_ValueSemantics.playground; sourceTree = "<group>"; xcLanguageSpecificationIdentifier = xcode.lang.swift; };
		09251494259B3D0E00345B77 /* 2_ReferenceSemantics.playground */ = {isa = PBXFileReference; lastKnownFileType = file.playground; path = 2_ReferenceSemantics.playground; sourceTree = "<group>"; xcLanguageSpecificationIdentifier = xcode.lang.swift; };
		09251496259B410400345B77 /* 3_MixedSemantics.playground */ = {isa = PBXFileReference; lastKnownFileType = file.playground; path = 3_MixedSemantics.playground; sourceTree = "<group>"; xcLanguageSpecificationIdentifier = xcode.lang.swift; };
		09251498259C6C0600345B77 /* 4_TypeMethods.playground */ = {isa = PBXFileReference; lastKnownFileType = file.playground; path = 4_TypeMethods.playground; sourceTree = "<group>"; xcLanguageSpecificationIdentifier = xcode.lang.swift; };
		0925149A259C746A00345B77 /* 5_FinalClasses.playground */ = {isa = PBXFileReference; lastKnownFileType = file.playground; path = 5_FinalClasses.playground; sourceTree = "<group>"; xcLanguageSpecificationIdentifier = xcode.lang.swift; };
		0945E24D25A84E5400127166 /* 2_LinkedLists.playground */ = {isa = PBXFileReference; lastKnownFileType = file.playground; path = 2_LinkedLists.playground; sourceTree = "<group>"; xcLanguageSpecificationIdentifier = xcode.lang.swift; };
		0945E24F25A863DB00127166 /* 3_LinkedListOperations.playground */ = {isa = PBXFileReference; lastKnownFileType = file.playground; path = 3_LinkedListOperations.playground; sourceTree = "<group>"; xcLanguageSpecificationIdentifier = xcode.lang.swift; };
		094C3DFF25DF881000432889 /* 2_ClosureExpressionSyntax.playground */ = {isa = PBXFileReference; lastKnownFileType = file.playground; path = 2_ClosureExpressionSyntax.playground; sourceTree = "<group>"; xcLanguageSpecificationIdentifier = xcode.lang.swift; };
		094C3E0125DF97C500432889 /* 3_ClosureExpressionShorthand.playground */ = {isa = PBXFileReference; lastKnownFileType = file.playground; path = 3_ClosureExpressionShorthand.playground; sourceTree = "<group>"; xcLanguageSpecificationIdentifier = xcode.lang.swift; };
		094C3E0525DFB36300432889 /* 1_Map.playground */ = {isa = PBXFileReference; lastKnownFileType = file.playground; path = 1_Map.playground; sourceTree = "<group>"; xcLanguageSpecificationIdentifier = xcode.lang.swift; };
		094E4E1B260F71D90056AB6B /* 2_RethrowingAnError_Part2.playground */ = {isa = PBXFileReference; lastKnownFileType = file.playground; path = 2_RethrowingAnError_Part2.playground; sourceTree = "<group>"; xcLanguageSpecificationIdentifier = xcode.lang.swift; };
		094E4E1F260F73050056AB6B /* 1_ThrowingFromInsideAClosure_Part2.playground */ = {isa = PBXFileReference; lastKnownFileType = file.playground; path = 1_ThrowingFromInsideAClosure_Part2.playground; sourceTree = "<group>"; xcLanguageSpecificationIdentifier = xcode.lang.swift; };
		094E4E22260F74150056AB6B /* 1_ThrowingFromInsideAClosure_Part3.playground */ = {isa = PBXFileReference; lastKnownFileType = file.playground; path = 1_ThrowingFromInsideAClosure_Part3.playground; sourceTree = "<group>"; xcLanguageSpecificationIdentifier = xcode.lang.swift; };
		0952E77425E541C300A13783 /* 2_RethrowingAnError_Part1.playground */ = {isa = PBXFileReference; lastKnownFileType = file.playground; path = 2_RethrowingAnError_Part1.playground; sourceTree = "<group>"; xcLanguageSpecificationIdentifier = xcode.lang.swift; };
		0952E77725E55A5700A13783 /* 3_EscapingWeakAndUnowned_Part1.playground */ = {isa = PBXFileReference; lastKnownFileType = file.playground; path = 3_EscapingWeakAndUnowned_Part1.playground; sourceTree = "<group>"; xcLanguageSpecificationIdentifier = xcode.lang.swift; };
		0952E77A25E55B7200A13783 /* 1_ManualRetainRelease.playground */ = {isa = PBXFileReference; lastKnownFileType = file.playground; path = 1_ManualRetainRelease.playground; sourceTree = "<group>"; xcLanguageSpecificationIdentifier = xcode.lang.swift; };
		0957A5E02652E3CB00C3861D /* 4_MissingData_Part1.playground */ = {isa = PBXFileReference; lastKnownFileType = file.playground; path = 4_MissingData_Part1.playground; sourceTree = "<group>"; xcLanguageSpecificationIdentifier = xcode.lang.swift; };
		0957A5E326538E1900C3861D /* 4_MissingData_Part2.playground */ = {isa = PBXFileReference; lastKnownFileType = file.playground; path = 4_MissingData_Part2.playground; sourceTree = "<group>"; xcLanguageSpecificationIdentifier = xcode.lang.swift; };
		0957A5E62653916500C3861D /* 4_MissingData_Part3.playground */ = {isa = PBXFileReference; lastKnownFileType = file.playground; path = 4_MissingData_Part3.playground; sourceTree = "<group>"; xcLanguageSpecificationIdentifier = xcode.lang.swift; };
		095E5AEC25E8ECEA00981427 /* 2_DefiningAccessLevels.playground */ = {isa = PBXFileReference; lastKnownFileType = file.playground; path = 2_DefiningAccessLevels.playground; sourceTree = "<group>"; xcLanguageSpecificationIdentifier = xcode.lang.swift; };
		095FCD2E25CFDEF3002BEA48 /* 2_ConstraintsWithWhereClauses.playground */ = {isa = PBXFileReference; lastKnownFileType = file.playground; path = 2_ConstraintsWithWhereClauses.playground; sourceTree = "<group>"; xcLanguageSpecificationIdentifier = xcode.lang.swift; };
		095FCD3025D12E20002BEA48 /* 3_ConstrainingAssociatedtypes_Part1.playground */ = {isa = PBXFileReference; lastKnownFileType = file.playground; path = 3_ConstrainingAssociatedtypes_Part1.playground; sourceTree = "<group>"; xcLanguageSpecificationIdentifier = xcode.lang.swift; };
		095FCD3325D198BF002BEA48 /* 3_ConstrainingAssociatedtypes_Part2.playground */ = {isa = PBXFileReference; lastKnownFileType = file.playground; path = 3_ConstrainingAssociatedtypes_Part2.playground; sourceTree = "<group>"; xcLanguageSpecificationIdentifier = xcode.lang.swift; };
		095FCD3525D1A355002BEA48 /* 3_ConstrainingAssociatedtypes_Part3.playground */ = {isa = PBXFileReference; lastKnownFileType = file.playground; path = 3_ConstrainingAssociatedtypes_Part3.playground; sourceTree = "<group>"; xcLanguageSpecificationIdentifier = xcode.lang.swift; };
		095FCD3925D1D093002BEA48 /* 3_ConstrainingAssociatedtypes_Part4.playground */ = {isa = PBXFileReference; lastKnownFileType = file.playground; path = 3_ConstrainingAssociatedtypes_Part4.playground; sourceTree = "<group>"; xcLanguageSpecificationIdentifier = xcode.lang.swift; };
		095FCD3B25D27E48002BEA48 /* 4_GenericsAndAssociatedTypes_Part1.playground */ = {isa = PBXFileReference; lastKnownFileType = file.playground; path = 4_GenericsAndAssociatedTypes_Part1.playground; sourceTree = "<group>"; xcLanguageSpecificationIdentifier = xcode.lang.swift; };
		095FCD3E25D2931A002BEA48 /* 4_GenericsAndAssociatedTypes_Part2.playground */ = {isa = PBXFileReference; lastKnownFileType = file.playground; path = 4_GenericsAndAssociatedTypes_Part2.playground; sourceTree = "<group>"; xcLanguageSpecificationIdentifier = xcode.lang.swift; };
		095FCD4025D29BD9002BEA48 /* 4_GenericsAndAssociatedTypes_Part3.playground */ = {isa = PBXFileReference; lastKnownFileType = file.playground; path = 4_GenericsAndAssociatedTypes_Part3.playground; sourceTree = "<group>"; xcLanguageSpecificationIdentifier = xcode.lang.swift; };
		095FCD4325D2A0FD002BEA48 /* 4_GenericsAndAssociatedTypes_Part4.playground */ = {isa = PBXFileReference; lastKnownFileType = file.playground; path = 4_GenericsAndAssociatedTypes_Part4.playground; sourceTree = "<group>"; xcLanguageSpecificationIdentifier = xcode.lang.swift; };
		0962E6E8265008A400036B82 /* 1_WrapperKeys_Part3.playground */ = {isa = PBXFileReference; lastKnownFileType = file.playground; path = 1_WrapperKeys_Part3.playground; sourceTree = "<group>"; xcLanguageSpecificationIdentifier = xcode.lang.swift; };
		0962E6EA2650118800036B82 /* 2_NestedObjects.playground */ = {isa = PBXFileReference; lastKnownFileType = file.playground; path = 2_NestedObjects.playground; sourceTree = "<group>"; xcLanguageSpecificationIdentifier = xcode.lang.swift; };
		0966E6C525E268D000C86795 /* 4_Reduce.playground */ = {isa = PBXFileReference; lastKnownFileType = file.playground; path = 4_Reduce.playground; sourceTree = "<group>"; xcLanguageSpecificationIdentifier = xcode.lang.swift; };
		0966E6C825E29A6700C86795 /* 1_ThrowingFromInsideAClosure_Part1.playground */ = {isa = PBXFileReference; lastKnownFileType = file.playground; path = 1_ThrowingFromInsideAClosure_Part1.playground; sourceTree = "<group>"; xcLanguageSpecificationIdentifier = xcode.lang.swift; };
		096BDD3525D3D5BE0023228A /* 5_ExtendingGenericTypes.playground_Part1.playground */ = {isa = PBXFileReference; lastKnownFileType = file.playground; path = 5_ExtendingGenericTypes.playground_Part1.playground; sourceTree = "<group>"; xcLanguageSpecificationIdentifier = xcode.lang.swift; };
		096BDD3925D3EB050023228A /* 5_ExtendingGenericTypes.playground_Part2.playground */ = {isa = PBXFileReference; lastKnownFileType = file.playground; path = 5_ExtendingGenericTypes.playground_Part2.playground; sourceTree = "<group>"; xcLanguageSpecificationIdentifier = xcode.lang.swift; };
		096CF514264C713800CD0911 /* 1_ParsingDates_Part1.playground */ = {isa = PBXFileReference; lastKnownFileType = file.playground; path = 1_ParsingDates_Part1.playground; sourceTree = "<group>"; xcLanguageSpecificationIdentifier = xcode.lang.swift; };
		096CF519264CF9D800CD0911 /* 1_ParsingDates_Part2.playground */ = {isa = PBXFileReference; lastKnownFileType = file.playground; path = 1_ParsingDates_Part2.playground; sourceTree = "<group>"; xcLanguageSpecificationIdentifier = xcode.lang.swift; };
		096CF51C264E3DF500CD0911 /* 2_ParsingURLs.playground */ = {isa = PBXFileReference; lastKnownFileType = file.playground; path = 2_ParsingURLs.playground; sourceTree = "<group>"; xcLanguageSpecificationIdentifier = xcode.lang.swift; };
		096CF51F264E462100CD0911 /* 2_ParsingData.playground */ = {isa = PBXFileReference; lastKnownFileType = file.playground; path = 2_ParsingData.playground; sourceTree = "<group>"; xcLanguageSpecificationIdentifier = xcode.lang.swift; };
		096CF521264E463600CD0911 /* 2_ParsingFloatingPointNumbers_Part1.playground */ = {isa = PBXFileReference; lastKnownFileType = file.playground; path = 2_ParsingFloatingPointNumbers_Part1.playground; sourceTree = "<group>"; xcLanguageSpecificationIdentifier = xcode.lang.swift; };
		096CF525264E585100CD0911 /* 2_ParsingFloatingPointNumbers_Part2.playground */ = {isa = PBXFileReference; lastKnownFileType = file.playground; path = 2_ParsingFloatingPointNumbers_Part2.playground; sourceTree = "<group>"; xcLanguageSpecificationIdentifier = xcode.lang.swift; };
		096CF528264FA5BC00CD0911 /* 1_WrapperKeys_Part1.playground */ = {isa = PBXFileReference; lastKnownFileType = file.playground; path = 1_WrapperKeys_Part1.playground; sourceTree = "<group>"; xcLanguageSpecificationIdentifier = xcode.lang.swift; };
		096CF52B264FFE0D00CD0911 /* 1_WrapperKeys_Part2.playground */ = {isa = PBXFileReference; lastKnownFileType = file.playground; path = 1_WrapperKeys_Part2.playground; sourceTree = "<group>"; xcLanguageSpecificationIdentifier = xcode.lang.swift; };
		097D20DE26539AEE00CE700A /* 4_MissingData_Part4.playground */ = {isa = PBXFileReference; lastKnownFileType = file.playground; path = 4_MissingData_Part4.playground; sourceTree = "<group>"; xcLanguageSpecificationIdentifier = xcode.lang.swift; };
		097D20E12653A09100CE700A /* 1 Dynamic Coding Keys  Part 1.playground */ = {isa = PBXFileReference; lastKnownFileType = file.playground; path = "1 Dynamic Coding Keys  Part 1.playground"; sourceTree = "<group>"; xcLanguageSpecificationIdentifier = xcode.lang.swift; };
		097D20E52654F1FC00CE700A /* 1 Dynamic Coding Keys Part2.playground */ = {isa = PBXFileReference; lastKnownFileType = file.playground; path = "1 Dynamic Coding Keys Part2.playground"; sourceTree = "<group>"; xcLanguageSpecificationIdentifier = xcode.lang.swift; };
		097D20E72654F64900CE700A /* 2 Coding Path Part 1.playground */ = {isa = PBXFileReference; lastKnownFileType = file.playground; path = "2 Coding Path Part 1.playground"; sourceTree = "<group>"; xcLanguageSpecificationIdentifier = xcode.lang.swift; };
		097D20EA265668AB00CE700A /* 2 Coding Path part 2.playground */ = {isa = PBXFileReference; lastKnownFileType = file.playground; path = "2 Coding Path part 2.playground"; sourceTree = "<group>"; xcLanguageSpecificationIdentifier = xcode.lang.swift; };
		09892DE225DC7393008C6216 /* 1_FunctionsAsData.playground */ = {isa = PBXFileReference; lastKnownFileType = file.playground; path = 1_FunctionsAsData.playground; sourceTree = "<group>"; xcLanguageSpecificationIdentifier = xcode.lang.swift; };
		09892DE425DD1999008C6216 /* 2_FunctionsAsParameters.playground */ = {isa = PBXFileReference; lastKnownFileType = file.playground; path = 2_FunctionsAsParameters.playground; sourceTree = "<group>"; xcLanguageSpecificationIdentifier = xcode.lang.swift; };
		09892DE625DD24A3008C6216 /* 3_ExtendingTheIntType.playground */ = {isa = PBXFileReference; lastKnownFileType = file.playground; path = 3_ExtendingTheIntType.playground; sourceTree = "<group>"; xcLanguageSpecificationIdentifier = xcode.lang.swift; };
		09892DE825DD6F29008C6216 /* 4_ReturningFunctions.playground */ = {isa = PBXFileReference; lastKnownFileType = file.playground; path = 4_ReturningFunctions.playground; sourceTree = "<group>"; xcLanguageSpecificationIdentifier = xcode.lang.swift; };
		09892DEA25DD7DA3008C6216 /* 5_CapturingVariables.playground */ = {isa = PBXFileReference; lastKnownFileType = file.playground; path = 5_CapturingVariables.playground; sourceTree = "<group>"; xcLanguageSpecificationIdentifier = xcode.lang.swift; };
		099B74A62656AC1B00189A78 /* 3 Decoding to a Class Part 1.playground */ = {isa = PBXFileReference; lastKnownFileType = file.playground; path = "3 Decoding to a Class Part 1.playground"; sourceTree = "<group>"; xcLanguageSpecificationIdentifier = xcode.lang.swift; };
		099B74A92657A1DC00189A78 /* 3 Decoding to a Class Part 2.playground */ = {isa = PBXFileReference; lastKnownFileType = file.playground; path = "3 Decoding to a Class Part 2.playground"; sourceTree = "<group>"; xcLanguageSpecificationIdentifier = xcode.lang.swift; };
		099B74AB2657B15000189A78 /* 3 Decoding to a Class Part 3.playground */ = {isa = PBXFileReference; lastKnownFileType = file.playground; path = "3 Decoding to a Class Part 3.playground"; sourceTree = "<group>"; xcLanguageSpecificationIdentifier = xcode.lang.swift; };
		099B74AE2657B99A00189A78 /* 1 Decoding Errors.playground */ = {isa = PBXFileReference; lastKnownFileType = file.playground; path = "1 Decoding Errors.playground"; sourceTree = "<group>"; xcLanguageSpecificationIdentifier = xcode.lang.swift; };
		09A3F7882613A698002C673F /* 1_WhyDoWeNeedGuidelines.playground */ = {isa = PBXFileReference; lastKnownFileType = file.playground; path = 1_WhyDoWeNeedGuidelines.playground; sourceTree = "<group>"; xcLanguageSpecificationIdentifier = xcode.lang.swift; };
		09A3F78A2613B030002C673F /* 2_NamingTypes.playground */ = {isa = PBXFileReference; lastKnownFileType = file.playground; path = 2_NamingTypes.playground; sourceTree = "<group>"; xcLanguageSpecificationIdentifier = xcode.lang.swift; };
		09AD348E25E1914600F737DB /* 3_Filter.playground */ = {isa = PBXFileReference; lastKnownFileType = file.playground; path = 3_Filter.playground; sourceTree = "<group>"; xcLanguageSpecificationIdentifier = xcode.lang.swift; };
		09B9819225FB77B30065057E /* 5_InitialisingSuperclasses_Part2.playground */ = {isa = PBXFileReference; lastKnownFileType = file.playground; path = 5_InitialisingSuperclasses_Part2.playground; sourceTree = "<group>"; xcLanguageSpecificationIdentifier = xcode.lang.swift; };
		09C8500225E13F85004EA214 /* 2_FlatMap.playground */ = {isa = PBXFileReference; lastKnownFileType = file.playground; path = 2_FlatMap.playground; sourceTree = "<group>"; xcLanguageSpecificationIdentifier = xcode.lang.swift; };
		09CA639E25E64C9100D8D530 /* 2_AutomaticReferenceCounting.playground */ = {isa = PBXFileReference; lastKnownFileType = file.playground; path = 2_AutomaticReferenceCounting.playground; sourceTree = "<group>"; xcLanguageSpecificationIdentifier = xcode.lang.swift; };
		09CA63A025E658DA00D8D530 /* 3_MemoryLeaks.playground */ = {isa = PBXFileReference; lastKnownFileType = file.playground; path = 3_MemoryLeaks.playground; sourceTree = "<group>"; xcLanguageSpecificationIdentifier = xcode.lang.swift; };
		09CA63A225E660CE00D8D530 /* 4_WeakReferences_Part1.playground */ = {isa = PBXFileReference; lastKnownFileType = file.playground; path = 4_WeakReferences_Part1.playground; sourceTree = "<group>"; xcLanguageSpecificationIdentifier = xcode.lang.swift; };
		09CA63A525E66B1500D8D530 /* 4_WeakReferences_Part2.playground */ = {isa = PBXFileReference; lastKnownFileType = file.playground; path = 4_WeakReferences_Part2.playground; sourceTree = "<group>"; xcLanguageSpecificationIdentifier = xcode.lang.swift; };
		09CA63A725E6A96200D8D530 /* 4_WeakReferences_Part3.playground */ = {isa = PBXFileReference; lastKnownFileType = file.playground; path = 4_WeakReferences_Part3.playground; sourceTree = "<group>"; xcLanguageSpecificationIdentifier = xcode.lang.swift; };
		09CA9452264A50A0004A7B03 /* 1_AQuickPeek.playground */ = {isa = PBXFileReference; lastKnownFileType = file.playground; path = 1_AQuickPeek.playground; sourceTree = "<group>"; xcLanguageSpecificationIdentifier = xcode.lang.swift; };
		09CA9457264A5B71004A7B03 /* 2_TheDecodableProtocol_Part1.playground */ = {isa = PBXFileReference; lastKnownFileType = file.playground; path = 2_TheDecodableProtocol_Part1.playground; sourceTree = "<group>"; xcLanguageSpecificationIdentifier = xcode.lang.swift; };
		09CB8AAF25AB14DD00F8C799 /* 1_AssociatedTypes.playground */ = {isa = PBXFileReference; lastKnownFileType = file.playground; path = 1_AssociatedTypes.playground; sourceTree = "<group>"; xcLanguageSpecificationIdentifier = xcode.lang.swift; };
		09D24FD825E79B9F0051652D /* 3_EscapingWeakAndUnowned_Part2.playground */ = {isa = PBXFileReference; lastKnownFileType = file.playground; path = 3_EscapingWeakAndUnowned_Part2.playground; sourceTree = "<group>"; xcLanguageSpecificationIdentifier = xcode.lang.swift; };
		09D24FDB25E7F2320051652D /* 1_UnderstandingAccessLevels.playground */ = {isa = PBXFileReference; lastKnownFileType = file.playground; path = 1_UnderstandingAccessLevels.playground; sourceTree = "<group>"; xcLanguageSpecificationIdentifier = xcode.lang.swift; };
/* End PBXFileReference section */

/* Begin PBXFrameworksBuildPhase section */
		090505F32591FDB000DA6F8E /* Frameworks */ = {
			isa = PBXFrameworksBuildPhase;
			buildActionMask = 2147483647;
			files = (
			);
			runOnlyForDeploymentPostprocessing = 0;
		};
/* End PBXFrameworksBuildPhase section */

/* Begin PBXGroup section */
		0901A3112594A59500114E2A /* CHAPTER2_ObjectInitialisation */ = {
			isa = PBXGroup;
			children = (
				0901A3122594A5D400114E2A /* 1_InitialisationRecap.playground */,
				092514872594A92500345B77 /* 2_FailableAndThrowingInitialisers.playground */,
				092514892595D0AA00345B77 /* 3_InitializerDelegation.playground */,
				0925148B2597275700345B77 /* 4_DesignatedAndConvenienceInitializers.playground */,
				0925148D2598824300345B77 /* 5_InitialisingSuperclasses_Part1.playground */,
				09B9819225FB77B30065057E /* 5_InitialisingSuperclasses_Part2.playground */,
				0925148F259A2B1800345B77 /* 6_RequiredInitialisers.playground */,
			);
			path = CHAPTER2_ObjectInitialisation;
			sourceTree = "<group>";
		};
		090505ED2591FDB000DA6F8E = {
			isa = PBXGroup;
			children = (
				090505F82591FDB000DA6F8E /* IntermediateSwift */,
				090505F72591FDB000DA6F8E /* Products */,
			);
			sourceTree = "<group>";
		};
		090505F72591FDB000DA6F8E /* Products */ = {
			isa = PBXGroup;
			children = (
				090505F62591FDB000DA6F8E /* IntermediateSwift.app */,
			);
			name = Products;
			sourceTree = "<group>";
		};
		090505F82591FDB000DA6F8E /* IntermediateSwift */ = {
			isa = PBXGroup;
			children = (
				090506092591FDC700DA6F8E /* COURSE1_IntermediateSwift */,
				09A3F7872613A652002C673F /* COURSE2_APIDesignGuidelines */,
				09093C1B259F037B0043EFD6 /* COURSE5_Generics */,
				09892DE025DC734E008C6216 /* COURSE6_Closures */,
				09CA944F264A4FF2004A7B03 /* COURSE8_Codable */,
				090505F92591FDB000DA6F8E /* IntermediateSwiftApp.swift */,
				090505FB2591FDB000DA6F8E /* ContentView.swift */,
				090505FD2591FDB500DA6F8E /* Assets.xcassets */,
				090506022591FDB500DA6F8E /* Info.plist */,
				090505FF2591FDB500DA6F8E /* Preview Content */,
			);
			path = IntermediateSwift;
			sourceTree = "<group>";
		};
		090505FF2591FDB500DA6F8E /* Preview Content */ = {
			isa = PBXGroup;
			children = (
				090506002591FDB500DA6F8E /* Preview Assets.xcassets */,
			);
			path = "Preview Content";
			sourceTree = "<group>";
		};
		090506092591FDC700DA6F8E /* COURSE1_IntermediateSwift */ = {
			isa = PBXGroup;
			children = (
				0905060C259206B700DA6F8E /* CHAPTER1_Properties */,
				0901A3112594A59500114E2A /* CHAPTER2_ObjectInitialisation */,
				09251491259B27B600345B77 /* CHAPTER3_ValueSemantics _TypeMethods_Inheritance */,
				090F11A025D8FAC40087D565 /* CHAPTER4_ExtensionsAndProtocols */,
				0952E77925E55B3100A13783 /* CHAPTER5_MemoryManagementInSwift */,
				09D24FDA25E7F1E80051652D /* CHAPTER6_AccessControl */,
			);
			path = COURSE1_IntermediateSwift;
			sourceTree = "<group>";
		};
		0905060C259206B700DA6F8E /* CHAPTER1_Properties */ = {
			isa = PBXGroup;
			children = (
				0905060A2591FF0E00DA6F8E /* 1_TypeProperties.playground */,
				0901A30925922B7000114E2A /* 2_ComputedProperties.playground */,
				0901A30B25933DB900114E2A /* 3_ReadingModes.playground */,
				0901A30D2593CEB100114E2A /* 4_LazyStoredProperties.playground */,
				0901A30F2594867800114E2A /* 5_PropertyObservers.playground */,
			);
			path = CHAPTER1_Properties;
			sourceTree = "<group>";
		};
		09093C1B259F037B0043EFD6 /* COURSE5_Generics */ = {
			isa = PBXGroup;
			children = (
				09093C1C259F03C20043EFD6 /* CHAPTER1_GenericFunctionsParametersAndConstraints */,
				09093C2B25A307B40043EFD6 /* CHAPTER2_GenericTypes */,
				09CB8AAE25AB14A400F8C799 /* CHAPTER3_GenericsAndProtocols */,
			);
			path = COURSE5_Generics;
			sourceTree = "<group>";
		};
		09093C1C259F03C20043EFD6 /* CHAPTER1_GenericFunctionsParametersAndConstraints */ = {
			isa = PBXGroup;
			children = (
				09093C1D259F042D0043EFD6 /* 1_WritingRepetitiveCode.playground */,
				09093C1F259F27000043EFD6 /* 2_WritingGenericFunctions.playground */,
				09093C2125A069290043EFD6 /* 3_MultipleTypeParameters.playground */,
				09093C2625A1BAB10043EFD6 /* 4_ProtocolBasedTypeConstraints.playground */,
				09093C2925A1D7FD0043EFD6 /* 5_ClassBasedTypeConstraints.playground */,
			);
			path = CHAPTER1_GenericFunctionsParametersAndConstraints;
			sourceTree = "<group>";
		};
		09093C2B25A307B40043EFD6 /* CHAPTER2_GenericTypes */ = {
			isa = PBXGroup;
			children = (
				09093C2C25A307EB0043EFD6 /* 1_GenericTypesInTheStandardLibrary.playground */,
				0945E24D25A84E5400127166 /* 2_LinkedLists.playground */,
				0945E24F25A863DB00127166 /* 3_LinkedListOperations.playground */,
			);
			path = CHAPTER2_GenericTypes;
			sourceTree = "<group>";
		};
		090DB33E25DEADAA00E9FC1C /* CHAPTER2_ClosureExpressions */ = {
			isa = PBXGroup;
			children = (
				090DB33F25DEADD600E9FC1C /* 1_AQuickRecap.playground */,
				094C3DFF25DF881000432889 /* 2_ClosureExpressionSyntax.playground */,
				094C3E0125DF97C500432889 /* 3_ClosureExpressionShorthand.playground */,
			);
			path = CHAPTER2_ClosureExpressions;
			sourceTree = "<group>";
		};
		090F11A025D8FAC40087D565 /* CHAPTER4_ExtensionsAndProtocols */ = {
			isa = PBXGroup;
			children = (
				090F11A125D8FB150087D565 /* 1_ExtendingANativeType.playground */,
				090F11A325D8FF3E0087D565 /* 2_ProtocolConformanceUsingExtensions.playground */,
				090F11A525D903670087D565 /* 3_ProtocolExtensions.playground */,
				090F11A725D90AF30087D565 /* 4_MethodDispatchInAProtocolExtension_Part1.playground */,
				090F11A925D936B90087D565 /* 4_MethodDispatchInProtocolExtension_Part2.playground */,
			);
			path = CHAPTER4_ExtensionsAndProtocols;
			sourceTree = "<group>";
		};
		09251491259B27B600345B77 /* CHAPTER3_ValueSemantics _TypeMethods_Inheritance */ = {
			isa = PBXGroup;
			children = (
				09251492259B280600345B77 /* 1_ValueSemantics.playground */,
				09251494259B3D0E00345B77 /* 2_ReferenceSemantics.playground */,
				09251496259B410400345B77 /* 3_MixedSemantics.playground */,
				09251498259C6C0600345B77 /* 4_TypeMethods.playground */,
				0925149A259C746A00345B77 /* 5_FinalClasses.playground */,
			);
			path = "CHAPTER3_ValueSemantics _TypeMethods_Inheritance";
			sourceTree = "<group>";
		};
		094C3E0425DFB33400432889 /* CHAPTER3_BuildingStandardLibraryFunctions */ = {
			isa = PBXGroup;
			children = (
				094C3E0525DFB36300432889 /* 1_Map.playground */,
				09C8500225E13F85004EA214 /* 2_FlatMap.playground */,
				09AD348E25E1914600F737DB /* 3_Filter.playground */,
				0966E6C525E268D000C86795 /* 4_Reduce.playground */,
			);
			path = CHAPTER3_BuildingStandardLibraryFunctions;
			sourceTree = "<group>";
		};
		0952E77925E55B3100A13783 /* CHAPTER5_MemoryManagementInSwift */ = {
			isa = PBXGroup;
			children = (
				0952E77A25E55B7200A13783 /* 1_ManualRetainRelease.playground */,
				09CA639E25E64C9100D8D530 /* 2_AutomaticReferenceCounting.playground */,
				09CA63A025E658DA00D8D530 /* 3_MemoryLeaks.playground */,
				09CA63A225E660CE00D8D530 /* 4_WeakReferences_Part1.playground */,
				09CA63A525E66B1500D8D530 /* 4_WeakReferences_Part2.playground */,
				09CA63A725E6A96200D8D530 /* 4_WeakReferences_Part3.playground */,
			);
			path = CHAPTER5_MemoryManagementInSwift;
			sourceTree = "<group>";
		};
		0966E6C725E29A1800C86795 /* CHAPTER4_ErrorHandlingAndMemoryManagement */ = {
			isa = PBXGroup;
			children = (
				0966E6C825E29A6700C86795 /* 1_ThrowingFromInsideAClosure_Part1.playground */,
				094E4E1F260F73050056AB6B /* 1_ThrowingFromInsideAClosure_Part2.playground */,
				094E4E22260F74150056AB6B /* 1_ThrowingFromInsideAClosure_Part3.playground */,
				0952E77425E541C300A13783 /* 2_RethrowingAnError_Part1.playground */,
				094E4E1B260F71D90056AB6B /* 2_RethrowingAnError_Part2.playground */,
				0952E77725E55A5700A13783 /* 3_EscapingWeakAndUnowned_Part1.playground */,
				09D24FD825E79B9F0051652D /* 3_EscapingWeakAndUnowned_Part2.playground */,
			);
			path = CHAPTER4_ErrorHandlingAndMemoryManagement;
			sourceTree = "<group>";
		};
		096CF512264C70ED00CD0911 /* CHAPTER2_ParsingToNonPrimitiveTypes */ = {
			isa = PBXGroup;
			children = (
				096CF514264C713800CD0911 /* 1_ParsingDates_Part1.playground */,
				096CF519264CF9D800CD0911 /* 1_ParsingDates_Part2.playground */,
				096CF51C264E3DF500CD0911 /* 2_ParsingURLs.playground */,
				096CF51F264E462100CD0911 /* 2_ParsingData.playground */,
				096CF521264E463600CD0911 /* 2_ParsingFloatingPointNumbers_Part1.playground */,
				096CF525264E585100CD0911 /* 2_ParsingFloatingPointNumbers_Part2.playground */,
			);
			path = CHAPTER2_ParsingToNonPrimitiveTypes;
			sourceTree = "<group>";
		};
		096CF527264FA58300CD0911 /* CHAPTER3_ParsingDifferentJSONStructures */ = {
			isa = PBXGroup;
			children = (
				096CF528264FA5BC00CD0911 /* 1_WrapperKeys_Part1.playground */,
				096CF52B264FFE0D00CD0911 /* 1_WrapperKeys_Part2.playground */,
				0962E6E8265008A400036B82 /* 1_WrapperKeys_Part3.playground */,
				0962E6EA2650118800036B82 /* 2_NestedObjects.playground */,
				090348BC26513E8E000BC6DC /* 3_ListOfObjects.playground */,
				0957A5E02652E3CB00C3861D /* 4_MissingData_Part1.playground */,
				0957A5E326538E1900C3861D /* 4_MissingData_Part2.playground */,
				0957A5E62653916500C3861D /* 4_MissingData_Part3.playground */,
				097D20DE26539AEE00CE700A /* 4_MissingData_Part4.playground */,
			);
			path = CHAPTER3_ParsingDifferentJSONStructures;
			sourceTree = "<group>";
		};
		097D20E02653A05900CE700A /* CHAPTER 4 Dynamic Keys and Inheritance */ = {
			isa = PBXGroup;
			children = (
				097D20E12653A09100CE700A /* 1 Dynamic Coding Keys  Part 1.playground */,
				097D20E52654F1FC00CE700A /* 1 Dynamic Coding Keys Part2.playground */,
				097D20E72654F64900CE700A /* 2 Coding Path Part 1.playground */,
				097D20EA265668AB00CE700A /* 2 Coding Path part 2.playground */,
				099B74A62656AC1B00189A78 /* 3 Decoding to a Class Part 1.playground */,
				099B74A92657A1DC00189A78 /* 3 Decoding to a Class Part 2.playground */,
				099B74AB2657B15000189A78 /* 3 Decoding to a Class Part 3.playground */,
			);
			path = "CHAPTER 4 Dynamic Keys and Inheritance";
			sourceTree = "<group>";
		};
		09892DE025DC734E008C6216 /* COURSE6_Closures */ = {
			isa = PBXGroup;
			children = (
				09892DE125DC7369008C6216 /* CHAPTER1_FirstClassFunctions */,
				090DB33E25DEADAA00E9FC1C /* CHAPTER2_ClosureExpressions */,
				094C3E0425DFB33400432889 /* CHAPTER3_BuildingStandardLibraryFunctions */,
				0966E6C725E29A1800C86795 /* CHAPTER4_ErrorHandlingAndMemoryManagement */,
			);
			path = COURSE6_Closures;
			sourceTree = "<group>";
		};
		09892DE125DC7369008C6216 /* CHAPTER1_FirstClassFunctions */ = {
			isa = PBXGroup;
			children = (
				09892DE225DC7393008C6216 /* 1_FunctionsAsData.playground */,
				09892DE425DD1999008C6216 /* 2_FunctionsAsParameters.playground */,
				09892DE625DD24A3008C6216 /* 3_ExtendingTheIntType.playground */,
				09892DE825DD6F29008C6216 /* 4_ReturningFunctions.playground */,
				09892DEA25DD7DA3008C6216 /* 5_CapturingVariables.playground */,
			);
			path = CHAPTER1_FirstClassFunctions;
			sourceTree = "<group>";
		};
		099B74AD2657B94700189A78 /* CHAPTER 5 Error Handling */ = {
			isa = PBXGroup;
			children = (
				099B74AE2657B99A00189A78 /* 1 Decoding Errors.playground */,
			);
			path = "CHAPTER 5 Error Handling";
			sourceTree = "<group>";
		};
		09A3F7872613A652002C673F /* COURSE2_APIDesignGuidelines */ = {
			isa = PBXGroup;
			children = (
				09A3F7882613A698002C673F /* 1_WhyDoWeNeedGuidelines.playground */,
				09A3F78A2613B030002C673F /* 2_NamingTypes.playground */,
			);
			path = COURSE2_APIDesignGuidelines;
			sourceTree = "<group>";
		};
		09CA944F264A4FF2004A7B03 /* COURSE8_Codable */ = {
			isa = PBXGroup;
			children = (
				09CA9450264A500E004A7B03 /* CHAPTER1_Overview */,
				096CF512264C70ED00CD0911 /* CHAPTER2_ParsingToNonPrimitiveTypes */,
				096CF527264FA58300CD0911 /* CHAPTER3_ParsingDifferentJSONStructures */,
				097D20E02653A05900CE700A /* CHAPTER 4 Dynamic Keys and Inheritance */,
				099B74AD2657B94700189A78 /* CHAPTER 5 Error Handling */,
			);
			path = COURSE8_Codable;
			sourceTree = "<group>";
		};
		09CA9450264A500E004A7B03 /* CHAPTER1_Overview */ = {
			isa = PBXGroup;
			children = (
				09CA9452264A50A0004A7B03 /* 1_AQuickPeek.playground */,
				09CA9457264A5B71004A7B03 /* 2_TheDecodableProtocol_Part1.playground */,
				0901A85F264AF24E0023D9E5 /* 2_TheDecodableProtocol_Part2.playground */,
				0901A861264B97EB0023D9E5 /* 3_TheEncodableProtocol.playground */,
				0901A863264B9DF70023D9E5 /* 4_ImplementingEncodable.playground */,
				0901A865264BABA80023D9E5 /* 5_TheCodingKeyProtocol_Part1.playground */,
				0901A868264C5E3C0023D9E5 /* 5_TheCodingKeyProtocol_Part2.playground */,
			);
			path = CHAPTER1_Overview;
			sourceTree = "<group>";
		};
		09CB8AAE25AB14A400F8C799 /* CHAPTER3_GenericsAndProtocols */ = {
			isa = PBXGroup;
			children = (
				09CB8AAF25AB14DD00F8C799 /* 1_AssociatedTypes.playground */,
				095FCD2E25CFDEF3002BEA48 /* 2_ConstraintsWithWhereClauses.playground */,
				095FCD3025D12E20002BEA48 /* 3_ConstrainingAssociatedtypes_Part1.playground */,
				095FCD3325D198BF002BEA48 /* 3_ConstrainingAssociatedtypes_Part2.playground */,
				095FCD3525D1A355002BEA48 /* 3_ConstrainingAssociatedtypes_Part3.playground */,
				095FCD3925D1D093002BEA48 /* 3_ConstrainingAssociatedtypes_Part4.playground */,
				095FCD3B25D27E48002BEA48 /* 4_GenericsAndAssociatedTypes_Part1.playground */,
				095FCD3E25D2931A002BEA48 /* 4_GenericsAndAssociatedTypes_Part2.playground */,
				095FCD4025D29BD9002BEA48 /* 4_GenericsAndAssociatedTypes_Part3.playground */,
				095FCD4325D2A0FD002BEA48 /* 4_GenericsAndAssociatedTypes_Part4.playground */,
				096BDD3525D3D5BE0023228A /* 5_ExtendingGenericTypes.playground_Part1.playground */,
				096BDD3925D3EB050023228A /* 5_ExtendingGenericTypes.playground_Part2.playground */,
			);
			path = CHAPTER3_GenericsAndProtocols;
			sourceTree = "<group>";
		};
		09D24FDA25E7F1E80051652D /* CHAPTER6_AccessControl */ = {
			isa = PBXGroup;
			children = (
				09D24FDB25E7F2320051652D /* 1_UnderstandingAccessLevels.playground */,
				095E5AEC25E8ECEA00981427 /* 2_DefiningAccessLevels.playground */,
			);
			path = CHAPTER6_AccessControl;
			sourceTree = "<group>";
		};
/* End PBXGroup section */

/* Begin PBXNativeTarget section */
		090505F52591FDB000DA6F8E /* IntermediateSwift */ = {
			isa = PBXNativeTarget;
			buildConfigurationList = 090506052591FDB500DA6F8E /* Build configuration list for PBXNativeTarget "IntermediateSwift" */;
			buildPhases = (
				090505F22591FDB000DA6F8E /* Sources */,
				090505F32591FDB000DA6F8E /* Frameworks */,
				090505F42591FDB000DA6F8E /* Resources */,
			);
			buildRules = (
			);
			dependencies = (
			);
			name = IntermediateSwift;
			productName = IntermediateSwift;
			productReference = 090505F62591FDB000DA6F8E /* IntermediateSwift.app */;
			productType = "com.apple.product-type.application";
		};
/* End PBXNativeTarget section */

/* Begin PBXProject section */
		090505EE2591FDB000DA6F8E /* Project object */ = {
			isa = PBXProject;
			attributes = {
				LastSwiftUpdateCheck = 1230;
				LastUpgradeCheck = 1230;
				TargetAttributes = {
					090505F52591FDB000DA6F8E = {
						CreatedOnToolsVersion = 12.3;
					};
				};
			};
			buildConfigurationList = 090505F12591FDB000DA6F8E /* Build configuration list for PBXProject "IntermediateSwift" */;
			compatibilityVersion = "Xcode 9.3";
			developmentRegion = en;
			hasScannedForEncodings = 0;
			knownRegions = (
				en,
				Base,
			);
			mainGroup = 090505ED2591FDB000DA6F8E;
			productRefGroup = 090505F72591FDB000DA6F8E /* Products */;
			projectDirPath = "";
			projectRoot = "";
			targets = (
				090505F52591FDB000DA6F8E /* IntermediateSwift */,
			);
		};
/* End PBXProject section */

/* Begin PBXResourcesBuildPhase section */
		090505F42591FDB000DA6F8E /* Resources */ = {
			isa = PBXResourcesBuildPhase;
			buildActionMask = 2147483647;
			files = (
				090506012591FDB500DA6F8E /* Preview Assets.xcassets in Resources */,
				090505FE2591FDB500DA6F8E /* Assets.xcassets in Resources */,
			);
			runOnlyForDeploymentPostprocessing = 0;
		};
/* End PBXResourcesBuildPhase section */

/* Begin PBXSourcesBuildPhase section */
		090505F22591FDB000DA6F8E /* Sources */ = {
			isa = PBXSourcesBuildPhase;
			buildActionMask = 2147483647;
			files = (
				090505FC2591FDB000DA6F8E /* ContentView.swift in Sources */,
				090505FA2591FDB000DA6F8E /* IntermediateSwiftApp.swift in Sources */,
			);
			runOnlyForDeploymentPostprocessing = 0;
		};
/* End PBXSourcesBuildPhase section */

/* Begin XCBuildConfiguration section */
		090506032591FDB500DA6F8E /* Debug */ = {
			isa = XCBuildConfiguration;
			buildSettings = {
				ALWAYS_SEARCH_USER_PATHS = NO;
				CLANG_ANALYZER_NONNULL = YES;
				CLANG_ANALYZER_NUMBER_OBJECT_CONVERSION = YES_AGGRESSIVE;
				CLANG_CXX_LANGUAGE_STANDARD = "gnu++14";
				CLANG_CXX_LIBRARY = "libc++";
				CLANG_ENABLE_MODULES = YES;
				CLANG_ENABLE_OBJC_ARC = YES;
				CLANG_ENABLE_OBJC_WEAK = YES;
				CLANG_WARN_BLOCK_CAPTURE_AUTORELEASING = YES;
				CLANG_WARN_BOOL_CONVERSION = YES;
				CLANG_WARN_COMMA = YES;
				CLANG_WARN_CONSTANT_CONVERSION = YES;
				CLANG_WARN_DEPRECATED_OBJC_IMPLEMENTATIONS = YES;
				CLANG_WARN_DIRECT_OBJC_ISA_USAGE = YES_ERROR;
				CLANG_WARN_DOCUMENTATION_COMMENTS = YES;
				CLANG_WARN_EMPTY_BODY = YES;
				CLANG_WARN_ENUM_CONVERSION = YES;
				CLANG_WARN_INFINITE_RECURSION = YES;
				CLANG_WARN_INT_CONVERSION = YES;
				CLANG_WARN_NON_LITERAL_NULL_CONVERSION = YES;
				CLANG_WARN_OBJC_IMPLICIT_RETAIN_SELF = YES;
				CLANG_WARN_OBJC_LITERAL_CONVERSION = YES;
				CLANG_WARN_OBJC_ROOT_CLASS = YES_ERROR;
				CLANG_WARN_QUOTED_INCLUDE_IN_FRAMEWORK_HEADER = YES;
				CLANG_WARN_RANGE_LOOP_ANALYSIS = YES;
				CLANG_WARN_STRICT_PROTOTYPES = YES;
				CLANG_WARN_SUSPICIOUS_MOVE = YES;
				CLANG_WARN_UNGUARDED_AVAILABILITY = YES_AGGRESSIVE;
				CLANG_WARN_UNREACHABLE_CODE = YES;
				CLANG_WARN__DUPLICATE_METHOD_MATCH = YES;
				COPY_PHASE_STRIP = NO;
				DEBUG_INFORMATION_FORMAT = dwarf;
				ENABLE_STRICT_OBJC_MSGSEND = YES;
				ENABLE_TESTABILITY = YES;
				GCC_C_LANGUAGE_STANDARD = gnu11;
				GCC_DYNAMIC_NO_PIC = NO;
				GCC_NO_COMMON_BLOCKS = YES;
				GCC_OPTIMIZATION_LEVEL = 0;
				GCC_PREPROCESSOR_DEFINITIONS = (
					"DEBUG=1",
					"$(inherited)",
				);
				GCC_WARN_64_TO_32_BIT_CONVERSION = YES;
				GCC_WARN_ABOUT_RETURN_TYPE = YES_ERROR;
				GCC_WARN_UNDECLARED_SELECTOR = YES;
				GCC_WARN_UNINITIALIZED_AUTOS = YES_AGGRESSIVE;
				GCC_WARN_UNUSED_FUNCTION = YES;
				GCC_WARN_UNUSED_VARIABLE = YES;
				IPHONEOS_DEPLOYMENT_TARGET = 14.3;
				MTL_ENABLE_DEBUG_INFO = INCLUDE_SOURCE;
				MTL_FAST_MATH = YES;
				ONLY_ACTIVE_ARCH = YES;
				SDKROOT = iphoneos;
				SWIFT_ACTIVE_COMPILATION_CONDITIONS = DEBUG;
				SWIFT_OPTIMIZATION_LEVEL = "-Onone";
			};
			name = Debug;
		};
		090506042591FDB500DA6F8E /* Release */ = {
			isa = XCBuildConfiguration;
			buildSettings = {
				ALWAYS_SEARCH_USER_PATHS = NO;
				CLANG_ANALYZER_NONNULL = YES;
				CLANG_ANALYZER_NUMBER_OBJECT_CONVERSION = YES_AGGRESSIVE;
				CLANG_CXX_LANGUAGE_STANDARD = "gnu++14";
				CLANG_CXX_LIBRARY = "libc++";
				CLANG_ENABLE_MODULES = YES;
				CLANG_ENABLE_OBJC_ARC = YES;
				CLANG_ENABLE_OBJC_WEAK = YES;
				CLANG_WARN_BLOCK_CAPTURE_AUTORELEASING = YES;
				CLANG_WARN_BOOL_CONVERSION = YES;
				CLANG_WARN_COMMA = YES;
				CLANG_WARN_CONSTANT_CONVERSION = YES;
				CLANG_WARN_DEPRECATED_OBJC_IMPLEMENTATIONS = YES;
				CLANG_WARN_DIRECT_OBJC_ISA_USAGE = YES_ERROR;
				CLANG_WARN_DOCUMENTATION_COMMENTS = YES;
				CLANG_WARN_EMPTY_BODY = YES;
				CLANG_WARN_ENUM_CONVERSION = YES;
				CLANG_WARN_INFINITE_RECURSION = YES;
				CLANG_WARN_INT_CONVERSION = YES;
				CLANG_WARN_NON_LITERAL_NULL_CONVERSION = YES;
				CLANG_WARN_OBJC_IMPLICIT_RETAIN_SELF = YES;
				CLANG_WARN_OBJC_LITERAL_CONVERSION = YES;
				CLANG_WARN_OBJC_ROOT_CLASS = YES_ERROR;
				CLANG_WARN_QUOTED_INCLUDE_IN_FRAMEWORK_HEADER = YES;
				CLANG_WARN_RANGE_LOOP_ANALYSIS = YES;
				CLANG_WARN_STRICT_PROTOTYPES = YES;
				CLANG_WARN_SUSPICIOUS_MOVE = YES;
				CLANG_WARN_UNGUARDED_AVAILABILITY = YES_AGGRESSIVE;
				CLANG_WARN_UNREACHABLE_CODE = YES;
				CLANG_WARN__DUPLICATE_METHOD_MATCH = YES;
				COPY_PHASE_STRIP = NO;
				DEBUG_INFORMATION_FORMAT = "dwarf-with-dsym";
				ENABLE_NS_ASSERTIONS = NO;
				ENABLE_STRICT_OBJC_MSGSEND = YES;
				GCC_C_LANGUAGE_STANDARD = gnu11;
				GCC_NO_COMMON_BLOCKS = YES;
				GCC_WARN_64_TO_32_BIT_CONVERSION = YES;
				GCC_WARN_ABOUT_RETURN_TYPE = YES_ERROR;
				GCC_WARN_UNDECLARED_SELECTOR = YES;
				GCC_WARN_UNINITIALIZED_AUTOS = YES_AGGRESSIVE;
				GCC_WARN_UNUSED_FUNCTION = YES;
				GCC_WARN_UNUSED_VARIABLE = YES;
				IPHONEOS_DEPLOYMENT_TARGET = 14.3;
				MTL_ENABLE_DEBUG_INFO = NO;
				MTL_FAST_MATH = YES;
				SDKROOT = iphoneos;
				SWIFT_COMPILATION_MODE = wholemodule;
				SWIFT_OPTIMIZATION_LEVEL = "-O";
				VALIDATE_PRODUCT = YES;
			};
			name = Release;
		};
		090506062591FDB500DA6F8E /* Debug */ = {
			isa = XCBuildConfiguration;
			buildSettings = {
				ASSETCATALOG_COMPILER_APPICON_NAME = AppIcon;
				ASSETCATALOG_COMPILER_GLOBAL_ACCENT_COLOR_NAME = AccentColor;
				CODE_SIGN_STYLE = Automatic;
				DEVELOPMENT_ASSET_PATHS = "\"IntermediateSwift/Preview Content\"";
				DEVELOPMENT_TEAM = PKTBX2CYQK;
				ENABLE_PREVIEWS = YES;
				INFOPLIST_FILE = IntermediateSwift/Info.plist;
				IPHONEOS_DEPLOYMENT_TARGET = 14.0;
				LD_RUNPATH_SEARCH_PATHS = (
					"$(inherited)",
					"@executable_path/Frameworks",
				);
				PRODUCT_BUNDLE_IDENTIFIER = com.nicefiction.IntermediateSwift;
				PRODUCT_NAME = "$(TARGET_NAME)";
				SWIFT_VERSION = 5.0;
				TARGETED_DEVICE_FAMILY = "1,2";
			};
			name = Debug;
		};
		090506072591FDB500DA6F8E /* Release */ = {
			isa = XCBuildConfiguration;
			buildSettings = {
				ASSETCATALOG_COMPILER_APPICON_NAME = AppIcon;
				ASSETCATALOG_COMPILER_GLOBAL_ACCENT_COLOR_NAME = AccentColor;
				CODE_SIGN_STYLE = Automatic;
				DEVELOPMENT_ASSET_PATHS = "\"IntermediateSwift/Preview Content\"";
				DEVELOPMENT_TEAM = PKTBX2CYQK;
				ENABLE_PREVIEWS = YES;
				INFOPLIST_FILE = IntermediateSwift/Info.plist;
				IPHONEOS_DEPLOYMENT_TARGET = 14.0;
				LD_RUNPATH_SEARCH_PATHS = (
					"$(inherited)",
					"@executable_path/Frameworks",
				);
				PRODUCT_BUNDLE_IDENTIFIER = com.nicefiction.IntermediateSwift;
				PRODUCT_NAME = "$(TARGET_NAME)";
				SWIFT_VERSION = 5.0;
				TARGETED_DEVICE_FAMILY = "1,2";
			};
			name = Release;
		};
/* End XCBuildConfiguration section */

/* Begin XCConfigurationList section */
		090505F12591FDB000DA6F8E /* Build configuration list for PBXProject "IntermediateSwift" */ = {
			isa = XCConfigurationList;
			buildConfigurations = (
				090506032591FDB500DA6F8E /* Debug */,
				090506042591FDB500DA6F8E /* Release */,
			);
			defaultConfigurationIsVisible = 0;
			defaultConfigurationName = Release;
		};
		090506052591FDB500DA6F8E /* Build configuration list for PBXNativeTarget "IntermediateSwift" */ = {
			isa = XCConfigurationList;
			buildConfigurations = (
				090506062591FDB500DA6F8E /* Debug */,
				090506072591FDB500DA6F8E /* Release */,
			);
			defaultConfigurationIsVisible = 0;
			defaultConfigurationName = Release;
		};
/* End XCConfigurationList section */
	};
	rootObject = 090505EE2591FDB000DA6F8E /* Project object */;
}
